
Microsoft Visual Studio Solution File, Format Version 12.00
# Visual Studio Version 16
VisualStudioVersion = 16.0.29503.13
MinimumVisualStudioVersion = 10.0.40219.1
Project("{9A19103F-16F7-4668-BE54-9A1E7A4F7556}") = "Store.DataAccess", "Store.DataAccess\Store.DataAccess.csproj", "{46646CA3-752D-4D58-9774-6DAABCFF6758}"
EndProject
Project("{9A19103F-16F7-4668-BE54-9A1E7A4F7556}") = "Store.BusinessLogic", "Store.BusinessLogic\Store.BusinessLogic.csproj", "{38D869DD-B25C-4657-A4F0-28FE0DCD9DE7}"
EndProject
Project("{9A19103F-16F7-4668-BE54-9A1E7A4F7556}") = "Store.Presentation", "Store.Presentation\Store.Presentation.csproj", "{D403801C-0186-48E7-8869-DDEBB1647928}"
EndProject
Global
	GlobalSection(SolutionConfigurationPlatforms) = preSolution
		Debug|Any CPU = Debug|Any CPU
		Release|Any CPU = Release|Any CPU
	EndGlobalSection
	GlobalSection(ProjectConfigurationPlatforms) = postSolution
		{46646CA3-752D-4D58-9774-6DAABCFF6758}.Debug|Any CPU.ActiveCfg = Debug|Any CPU
		{46646CA3-752D-4D58-9774-6DAABCFF6758}.Debug|Any CPU.Build.0 = Debug|Any CPU
		{46646CA3-752D-4D58-9774-6DAABCFF6758}.Release|Any CPU.ActiveCfg = Release|Any CPU
		{46646CA3-752D-4D58-9774-6DAABCFF6758}.Release|Any CPU.Build.0 = Release|Any CPU
		{38D869DD-B25C-4657-A4F0-28FE0DCD9DE7}.Debug|Any CPU.ActiveCfg = Debug|Any CPU
		{38D869DD-B25C-4657-A4F0-28FE0DCD9DE7}.Debug|Any CPU.Build.0 = Debug|Any CPU
		{38D869DD-B25C-4657-A4F0-28FE0DCD9DE7}.Release|Any CPU.ActiveCfg = Release|Any CPU
		{38D869DD-B25C-4657-A4F0-28FE0DCD9DE7}.Release|Any CPU.Build.0 = Release|Any CPU
		{D403801C-0186-48E7-8869-DDEBB1647928}.Debug|Any CPU.ActiveCfg = Debug|Any CPU
		{D403801C-0186-48E7-8869-DDEBB1647928}.Debug|Any CPU.Build.0 = Debug|Any CPU
		{D403801C-0186-48E7-8869-DDEBB1647928}.Release|Any CPU.ActiveCfg = Release|Any CPU
		{D403801C-0186-48E7-8869-DDEBB1647928}.Release|Any CPU.Build.0 = Release|Any CPU
	EndGlobalSection
	GlobalSection(SolutionProperties) = preSolution
		HideSolutionNode = FALSE
	EndGlobalSection
	GlobalSection(ExtensibilityGlobals) = postSolution
		SolutionGuid = {D7BC28B6-89BF-42A5-97A7-084E41A9CD2B}
	EndGlobalSection
EndGlobal
